
Microsoft Visual Studio Solution File, Format Version 12.00
# Visual Studio 14
VisualStudioVersion = 14.0.25123.0
MinimumVisualStudioVersion = 10.0.40219.1
Project("{FAE04EC0-301F-11D3-BF4B-00C04F79EFBC}") = "Shopping", "Shopping\Shopping.csproj", "{CDCA2405-55FF-4468-A35D-E15726C63B53}"
EndProject
Project("{FAE04EC0-301F-11D3-BF4B-00C04F79EFBC}") = "ServerApp", "ServerApp\ServerApp.csproj", "{0E81A1F3-7F55-4CEF-BE92-5EA7A8284A6C}"
EndProject
Project("{FAE04EC0-301F-11D3-BF4B-00C04F79EFBC}") = "ClientApp", "ClientApp\ClientApp.csproj", "{A1D3FB1C-D696-44E8-B754-2C60C4A3F04B}"
EndProject
Global
	GlobalSection(SolutionConfigurationPlatforms) = preSolution
		Debug|Any CPU = Debug|Any CPU
		Release|Any CPU = Release|Any CPU
	EndGlobalSection
	GlobalSection(ProjectConfigurationPlatforms) = postSolution
		{CDCA2405-55FF-4468-A35D-E15726C63B53}.Debug|Any CPU.ActiveCfg = Debug|Any CPU
		{CDCA2405-55FF-4468-A35D-E15726C63B53}.Debug|Any CPU.Build.0 = Debug|Any CPU
		{CDCA2405-55FF-4468-A35D-E15726C63B53}.Release|Any CPU.ActiveCfg = Release|Any CPU
		{CDCA2405-55FF-4468-A35D-E15726C63B53}.Release|Any CPU.Build.0 = Release|Any CPU
		{0E81A1F3-7F55-4CEF-BE92-5EA7A8284A6C}.Debug|Any CPU.ActiveCfg = Debug|Any CPU
		{0E81A1F3-7F55-4CEF-BE92-5EA7A8284A6C}.Debug|Any CPU.Build.0 = Debug|Any CPU
		{0E81A1F3-7F55-4CEF-BE92-5EA7A8284A6C}.Release|Any CPU.ActiveCfg = Release|Any CPU
		{0E81A1F3-7F55-4CEF-BE92-5EA7A8284A6C}.Release|Any CPU.Build.0 = Release|Any CPU
		{A1D3FB1C-D696-44E8-B754-2C60C4A3F04B}.Debug|Any CPU.ActiveCfg = Debug|Any CPU
		{A1D3FB1C-D696-44E8-B754-2C60C4A3F04B}.Debug|Any CPU.Build.0 = Debug|Any CPU
		{A1D3FB1C-D696-44E8-B754-2C60C4A3F04B}.Release|Any CPU.ActiveCfg = Release|Any CPU
		{A1D3FB1C-D696-44E8-B754-2C60C4A3F04B}.Release|Any CPU.Build.0 = Release|Any CPU
	EndGlobalSection
	GlobalSection(SolutionProperties) = preSolution
		HideSolutionNode = FALSE
	EndGlobalSection
EndGlobal
