
Microsoft Visual Studio Solution File, Format Version 12.00
# Visual Studio 14
VisualStudioVersion = 14.0.25123.0
MinimumVisualStudioVersion = 10.0.40219.1
Project("{FAE04EC0-301F-11D3-BF4B-00C04F79EFBC}") = "DBWinApp", "DBWinApp\DBWinApp.csproj", "{B854C9F0-0106-4272-B39D-3C6E49D9EEB9}"
EndProject
Global
	GlobalSection(SolutionConfigurationPlatforms) = preSolution
		Debug|Any CPU = Debug|Any CPU
		Release|Any CPU = Release|Any CPU
	EndGlobalSection
	GlobalSection(ProjectConfigurationPlatforms) = postSolution
		{B854C9F0-0106-4272-B39D-3C6E49D9EEB9}.Debug|Any CPU.ActiveCfg = Debug|Any CPU
		{B854C9F0-0106-4272-B39D-3C6E49D9EEB9}.Debug|Any CPU.Build.0 = Debug|Any CPU
		{B854C9F0-0106-4272-B39D-3C6E49D9EEB9}.Release|Any CPU.ActiveCfg = Release|Any CPU
		{B854C9F0-0106-4272-B39D-3C6E49D9EEB9}.Release|Any CPU.Build.0 = Release|Any CPU
	EndGlobalSection
	GlobalSection(SolutionProperties) = preSolution
		HideSolutionNode = FALSE
	EndGlobalSection
EndGlobal
